// !$*UTF8*$!
{
	archiveVersion = 1;
	classes = {
	};
	objectVersion = 46;
	objects = {

/* Begin PBXBuildFile section */
		BF8C786ECE93B743111221C7 /* Main.storyboard in Resources */ = {isa = PBXBuildFile; fileRef = BF8C740168D7535D4EAF4763 /* Main.storyboard */; };
		BF8C7A896BB12701DA54B7D6 /* Assets.xcassets in Resources */ = {isa = PBXBuildFile; fileRef = BF8C719315ECFCFECA784B2A /* Assets.xcassets */; };
		BF8C7F536F8C4893266197A6 /* LaunchScreen.storyboard in Resources */ = {isa = PBXBuildFile; fileRef = BF8C7D860F1260A5BEAB141C /* LaunchScreen.storyboard */; };
/* End PBXBuildFile section */

/* Begin PBXFileReference section */
		BF8C719315ECFCFECA784B2A /* Assets.xcassets */ = {isa = PBXFileReference; lastKnownFileType = folder.assetcatalog; path = Assets.xcassets; sourceTree = "<group>"; };
		BF8C724B34013FC74E356EA3 /* Base */ = {isa = PBXFileReference; lastKnownFileType = file.storyboard; name = Base; path = Base.lproj/LaunchScreen.storyboard; sourceTree = "<group>"; };
		BF8C73B587614599EEAB84DC /* AppDelegate.kt */ = {isa = PBXFileReference; lastKnownFileType = file.kt; path = AppDelegate.kt; sourceTree = "<group>"; };
		BF8C74020E472CD7DF30CA10 /* ViewController.kt */ = {isa = PBXFileReference; lastKnownFileType = file.kt; path = ViewController.kt; sourceTree = "<group>"; };
		BF8C78CD958468FFA3E6361E /* KTest.app */ = {isa = PBXFileReference; explicitFileType = wrapper.application; includeInIndex = 0; path = KTest.app; sourceTree = BUILT_PRODUCTS_DIR; };
		BF8C7A1BC9AFFC1C3D3FE82D /* build.gradle */ = {isa = PBXFileReference; lastKnownFileType = file.gradle; path = build.gradle; sourceTree = "<group>"; };
		BF8C7A250BB7E44554E2AB77 /* gradle-wrapper.properties */ = {isa = PBXFileReference; lastKnownFileType = file.properties; path = "gradle-wrapper.properties"; sourceTree = "<group>"; };
		BF8C7CA2A698692780323E89 /* Info.plist */ = {isa = PBXFileReference; lastKnownFileType = text.plist.info; path = Info.plist; sourceTree = "<group>"; };
		BF8C7CAA0E5320125ADB596C /* main.kt */ = {isa = PBXFileReference; lastKnownFileType = file.kt; path = main.kt; sourceTree = "<group>"; };
		BF8C7D59CCCBE2943D09FA59 /* Base */ = {isa = PBXFileReference; lastKnownFileType = file.storyboard; name = Base; path = Base.lproj/Main.storyboard; sourceTree = "<group>"; };
		BF8C7E2E08254517535E3FBC /* gradlew */ = {isa = PBXFileReference; lastKnownFileType = text; path = gradlew; sourceTree = "<group>"; };
		BF8C7F9A56D2A187A4096351 /* gradle-wrapper.jar */ = {isa = PBXFileReference; lastKnownFileType = archive.jar; path = "gradle-wrapper.jar"; sourceTree = "<group>"; };
/* End PBXFileReference section */

/* Begin PBXFrameworksBuildPhase section */
		BF8C7942DD4B1D628AB12B48 /* Frameworks */ = {
			isa = PBXFrameworksBuildPhase;
			buildActionMask = 2147483647;
			files = (
			);
			runOnlyForDeploymentPostprocessing = 0;
		};
/* End PBXFrameworksBuildPhase section */

/* Begin PBXGroup section */
		BF8C7000795669A4F43097D9 /* main */ = {
			isa = PBXGroup;
			children = (
				BF8C7380C87B0246E437E845 /* kotlin */,
			);
			path = main;
			sourceTree = "<group>";
		};
		BF8C720B4364C9FFA516D45F /* Products */ = {
			isa = PBXGroup;
			children = (
				BF8C78CD958468FFA3E6361E /* KTest.app */,
			);
			name = Products;
			sourceTree = "<group>";
		};
		BF8C7380C87B0246E437E845 /* kotlin */ = {
			isa = PBXGroup;
			children = (
				BF8C73B587614599EEAB84DC /* AppDelegate.kt */,
				BF8C74020E472CD7DF30CA10 /* ViewController.kt */,
				BF8C7CAA0E5320125ADB596C /* main.kt */,
			);
			path = kotlin;
			sourceTree = "<group>";
		};
		BF8C79019955AB1D3A1D5E8D = {
			isa = PBXGroup;
			children = (
				BF8C720B4364C9FFA516D45F /* Products */,
				BF8C7EF8831F4EC862F9B39E /* KTest */,
			);
			sourceTree = "<group>";
		};
		BF8C7C4D478B28731C6220C0 /* Supporting Files */ = {
			isa = PBXGroup;
			children = (
				BF8C7A1BC9AFFC1C3D3FE82D /* build.gradle */,
				BF8C7E2E08254517535E3FBC /* gradlew */,
				BF8C7D7DCED9EC5AC441F28E /* gradle */,
			);
			name = "Supporting Files";
			sourceTree = "<group>";
		};
		BF8C7D7DCED9EC5AC441F28E /* gradle */ = {
			isa = PBXGroup;
			children = (
				BF8C7E9AD307F56CB1B97C47 /* wrapper */,
			);
			path = gradle;
			sourceTree = "<group>";
		};
		BF8C7E9AD307F56CB1B97C47 /* wrapper */ = {
			isa = PBXGroup;
			children = (
				BF8C7A250BB7E44554E2AB77 /* gradle-wrapper.properties */,
				BF8C7F9A56D2A187A4096351 /* gradle-wrapper.jar */,
			);
			path = wrapper;
			sourceTree = "<group>";
		};
		BF8C7EF8831F4EC862F9B39E /* KTest */ = {
			isa = PBXGroup;
			children = (
				BF8C7C4D478B28731C6220C0 /* Supporting Files */,
				BF8C7CA2A698692780323E89 /* Info.plist */,
				BF8C719315ECFCFECA784B2A /* Assets.xcassets */,
				BF8C7D860F1260A5BEAB141C /* LaunchScreen.storyboard */,
				BF8C740168D7535D4EAF4763 /* Main.storyboard */,
				BF8C7FDA77E8F3C969ECFA94 /* src */,
			);
			path = KTest;
			sourceTree = "<group>";
		};
		BF8C7FDA77E8F3C969ECFA94 /* src */ = {
			isa = PBXGroup;
			children = (
				BF8C7000795669A4F43097D9 /* main */,
			);
			path = src;
			sourceTree = "<group>";
		};
/* End PBXGroup section */

/* Begin PBXNativeTarget section */
		BF8C72F2B88791E033AB2DB9 /* KTest */ = {
			isa = PBXNativeTarget;
			buildConfigurationList = BF8C797D379DFED9C6D5D802 /* Build configuration list for PBXNativeTarget "KTest" */;
			buildPhases = (
				BF8C73DDA1ADD3CDAAF1E362 /* Sources */,
				BF8C7942DD4B1D628AB12B48 /* Frameworks */,
				BF8C714FE87F2F559C64960B /* Resources */,
				BF8C7123D481EC2A2C5D5BBD /* Compile Kotlin/Native */,
			);
			buildRules = (
			);
			dependencies = (
			);
			name = KTest;
			productName = KTest;
			productReference = BF8C78CD958468FFA3E6361E /* KTest.app */;
			productType = "com.apple.product-type.application";
		};
/* End PBXNativeTarget section */

/* Begin PBXProject section */
		BF8C7CD29C4FA39FDA0A23BA /* Project object */ = {
			isa = PBXProject;
			attributes = {
				ORGANIZATIONNAME = marcinmoskala;
			};
			buildConfigurationList = BF8C735DF417C36A42082172 /* Build configuration list for PBXProject "KTest" */;
			compatibilityVersion = "Xcode 3.2";
			developmentRegion = English;
			hasScannedForEncodings = 0;
			knownRegions = (
				en,
			);
			mainGroup = BF8C79019955AB1D3A1D5E8D;
			productRefGroup = BF8C720B4364C9FFA516D45F /* Products */;
			projectDirPath = "";
			projectRoot = "";
			targets = (
				BF8C72F2B88791E033AB2DB9 /* KTest */,
			);
		};
/* End PBXProject section */

/* Begin PBXResourcesBuildPhase section */
		BF8C714FE87F2F559C64960B /* Resources */ = {
			isa = PBXResourcesBuildPhase;
			buildActionMask = 2147483647;
			files = (
				BF8C7A896BB12701DA54B7D6 /* Assets.xcassets in Resources */,
				BF8C7F536F8C4893266197A6 /* LaunchScreen.storyboard in Resources */,
				BF8C786ECE93B743111221C7 /* Main.storyboard in Resources */,
			);
			runOnlyForDeploymentPostprocessing = 0;
		};
/* End PBXResourcesBuildPhase section */

/* Begin PBXShellScriptBuildPhase section */
		BF8C7123D481EC2A2C5D5BBD /* Compile Kotlin/Native */ = {
			isa = PBXShellScriptBuildPhase;
			buildActionMask = 2147483647;
			files = (
			);
			inputPaths = (
			);
			name = "Compile Kotlin/Native";
			outputPaths = (
			);
			runOnlyForDeploymentPostprocessing = 0;
			shellPath = /bin/sh;
			shellScript = "rm -f \"$TARGET_BUILD_DIR/$EXECUTABLE_PATH\"\ncd \"$SRCROOT/$KONAN_PACKAGE_NAME\"; sh -c \". ./gradlew $KONAN_TASK -Pkonan.configuration.build.dir=\\\"$CONFIGURATION_BUILD_DIR\\\" \\\n-Pkonan.debugging.symbols=$DEBUGGING_SYMBOLS -Pkonan.optimizations.enable=$KONAN_ENABLE_OPTIMIZATIONS\"\ncp \"$TARGET_BUILD_DIR/$KONAN_PACKAGE_NAME.kexe\" \"$TARGET_BUILD_DIR/$EXECUTABLE_PATH\"";
		};
/* End PBXShellScriptBuildPhase section */

/* Begin PBXSourcesBuildPhase section */
		BF8C73DDA1ADD3CDAAF1E362 /* Sources */ = {
			isa = PBXSourcesBuildPhase;
			buildActionMask = 2147483647;
			files = (
			);
			runOnlyForDeploymentPostprocessing = 0;
		};
/* End PBXSourcesBuildPhase section */

/* Begin PBXVariantGroup section */
		BF8C740168D7535D4EAF4763 /* Main.storyboard */ = {
			isa = PBXVariantGroup;
			children = (
				BF8C7D59CCCBE2943D09FA59 /* Base */,
			);
			name = Main.storyboard;
			sourceTree = "<group>";
		};
		BF8C7D860F1260A5BEAB141C /* LaunchScreen.storyboard */ = {
			isa = PBXVariantGroup;
			children = (
				BF8C724B34013FC74E356EA3 /* Base */,
			);
			name = LaunchScreen.storyboard;
			sourceTree = "<group>";
		};
/* End PBXVariantGroup section */

/* Begin XCBuildConfiguration section */
		BF8C75209817EA53151AB966 /* Release */ = {
			isa = XCBuildConfiguration;
			buildSettings = {
				ALWAYS_SEARCH_USER_PATHS = NO;
				CLANG_ANALYZER_NONNULL = YES;
				CLANG_ANALYZER_NUMBER_OBJECT_CONVERSION = YES_AGGRESSIVE;
				CLANG_CXX_LANGUAGE_STANDARD = "gnu++14";
				CLANG_CXX_LIBRARY = "libc++";
				CLANG_ENABLE_MODULES = YES;
				CLANG_ENABLE_OBJC_ARC = YES;
				CLANG_ENABLE_OBJC_WEAK = YES;
				CLANG_WARN_BLOCK_CAPTURE_AUTORELEASING = YES;
				CLANG_WARN_BOOL_CONVERSION = YES;
				CLANG_WARN_COMMA = YES;
				CLANG_WARN_CONSTANT_CONVERSION = YES;
				CLANG_WARN_DEPRECATED_OBJC_IMPLEMENTATIONS = YES;
				CLANG_WARN_DIRECT_OBJC_ISA_USAGE = YES_ERROR;
				CLANG_WARN_DOCUMENTATION_COMMENTS = YES;
				CLANG_WARN_EMPTY_BODY = YES;
				CLANG_WARN_ENUM_CONVERSION = YES;
				CLANG_WARN_INFINITE_RECURSION = YES;
				CLANG_WARN_INT_CONVERSION = YES;
				CLANG_WARN_NON_LITERAL_NULL_CONVERSION = YES;
				CLANG_WARN_OBJC_IMPLICIT_RETAIN_SELF = YES;
				CLANG_WARN_OBJC_LITERAL_CONVERSION = YES;
				CLANG_WARN_OBJC_ROOT_CLASS = YES_ERROR;
				CLANG_WARN_RANGE_LOOP_ANALYSIS = YES;
				CLANG_WARN_STRICT_PROTOTYPES = YES;
				CLANG_WARN_SUSPICIOUS_MOVE = YES;
				CLANG_WARN_UNGUARDED_AVAILABILITY = YES_AGGRESSIVE;
				CLANG_WARN_UNREACHABLE_CODE = YES;
				CLANG_WARN__DUPLICATE_METHOD_MATCH = YES;
				CODE_SIGN_IDENTITY = "iPhone Developer";
				COPY_PHASE_STRIP = NO;
				DEBUG_INFORMATION_FORMAT = "dwarf-with-dsym";
				ENABLE_NS_ASSERTIONS = NO;
				ENABLE_STRICT_OBJC_MSGSEND = YES;
				GCC_C_LANGUAGE_STANDARD = gnu11;
				GCC_NO_COMMON_BLOCKS = YES;
				GCC_WARN_64_TO_32_BIT_CONVERSION = YES;
				GCC_WARN_ABOUT_RETURN_TYPE = YES_ERROR;
				GCC_WARN_UNDECLARED_SELECTOR = YES;
				GCC_WARN_UNINITIALIZED_AUTOS = YES_AGGRESSIVE;
				GCC_WARN_UNUSED_FUNCTION = YES;
				GCC_WARN_UNUSED_VARIABLE = YES;
				IPHONEOS_DEPLOYMENT_TARGET = 11.4;
				MTL_ENABLE_DEBUG_INFO = NO;
				SDKROOT = iphoneos;
				VALIDATE_PRODUCT = YES;
			};
			name = Release;
		};
		BF8C769EC79CAF53C8927CB8 /* Debug */ = {
			isa = XCBuildConfiguration;
			buildSettings = {
				ASSETCATALOG_COMPILER_APPICON_NAME = AppIcon;
				INFOPLIST_FILE = KTest/Info.plist;
				KONAN_ENABLE_OPTIMIZATIONS = NO;
				KONAN_PACKAGE_NAME = KTest;
				"KONAN_TASK[sdk=iphoneos*]" = "compileKonan$(TARGET_NAME:c99extidentifier)Ios_arm64";
				"KONAN_TASK[sdk=iphonesimulator*]" = "compileKonan$(TARGET_NAME:c99extidentifier)Ios_x64";
				LD_RUNPATH_SEARCH_PATHS = "$(inherited) @executable_path/Frameworks";
				PRODUCT_BUNDLE_IDENTIFIER = com.marcinmoskala.KTest;
				PRODUCT_NAME = "$(TARGET_NAME)";
				TARGETED_DEVICE_FAMILY = "1,2";
				VALID_ARCHS = arm64;
			};
			name = Debug;
		};
		BF8C78516AFF8D9F1134A3B2 /* Release */ = {
			isa = XCBuildConfiguration;
			buildSettings = {
				ASSETCATALOG_COMPILER_APPICON_NAME = AppIcon;
				INFOPLIST_FILE = KTest/Info.plist;
				KONAN_ENABLE_OPTIMIZATIONS = YES;
				KONAN_PACKAGE_NAME = KTest;
				"KONAN_TASK[sdk=iphoneos*]" = "compileKonan$(TARGET_NAME:c99extidentifier)Ios_arm64";
				"KONAN_TASK[sdk=iphonesimulator*]" = "compileKonan$(TARGET_NAME:c99extidentifier)Ios_x64";
				LD_RUNPATH_SEARCH_PATHS = "$(inherited) @executable_path/Frameworks";
				PRODUCT_BUNDLE_IDENTIFIER = com.marcinmoskala.KTest;
				PRODUCT_NAME = "$(TARGET_NAME)";
				TARGETED_DEVICE_FAMILY = "1,2";
				VALID_ARCHS = arm64;
			};
			name = Release;
		};
		BF8C7B3ED87113FCBDA3A658 /* Debug */ = {
			isa = XCBuildConfiguration;
			buildSettings = {
				ALWAYS_SEARCH_USER_PATHS = NO;
				CLANG_ANALYZER_NONNULL = YES;
				CLANG_ANALYZER_NUMBER_OBJECT_CONVERSION = YES_AGGRESSIVE;
				CLANG_CXX_LANGUAGE_STANDARD = "gnu++14";
				CLANG_CXX_LIBRARY = "libc++";
				CLANG_ENABLE_MODULES = YES;
				CLANG_ENABLE_OBJC_ARC = YES;
				CLANG_ENABLE_OBJC_WEAK = YES;
				CLANG_WARN_BLOCK_CAPTURE_AUTORELEASING = YES;
				CLANG_WARN_BOOL_CONVERSION = YES;
				CLANG_WARN_COMMA = YES;
				CLANG_WARN_CONSTANT_CONVERSION = YES;
				CLANG_WARN_DEPRECATED_OBJC_IMPLEMENTATIONS = YES;
				CLANG_WARN_DIRECT_OBJC_ISA_USAGE = YES_ERROR;
				CLANG_WARN_DOCUMENTATION_COMMENTS = YES;
				CLANG_WARN_EMPTY_BODY = YES;
				CLANG_WARN_ENUM_CONVERSION = YES;
				CLANG_WARN_INFINITE_RECURSION = YES;
				CLANG_WARN_INT_CONVERSION = YES;
				CLANG_WARN_NON_LITERAL_NULL_CONVERSION = YES;
				CLANG_WARN_OBJC_IMPLICIT_RETAIN_SELF = YES;
				CLANG_WARN_OBJC_LITERAL_CONVERSION = YES;
				CLANG_WARN_OBJC_ROOT_CLASS = YES_ERROR;
				CLANG_WARN_RANGE_LOOP_ANALYSIS = YES;
				CLANG_WARN_STRICT_PROTOTYPES = YES;
				CLANG_WARN_SUSPICIOUS_MOVE = YES;
				CLANG_WARN_UNGUARDED_AVAILABILITY = YES_AGGRESSIVE;
				CLANG_WARN_UNREACHABLE_CODE = YES;
				CLANG_WARN__DUPLICATE_METHOD_MATCH = YES;
				CODE_SIGN_IDENTITY = "iPhone Developer";
				COPY_PHASE_STRIP = NO;
				DEBUG_INFORMATION_FORMAT = dwarf;
				ENABLE_STRICT_OBJC_MSGSEND = YES;
				ENABLE_TESTABILITY = YES;
				GCC_C_LANGUAGE_STANDARD = gnu11;
				GCC_DYNAMIC_NO_PIC = NO;
				GCC_NO_COMMON_BLOCKS = YES;
				GCC_OPTIMIZATION_LEVEL = 0;
				GCC_PREPROCESSOR_DEFINITIONS = (
					"DEBUG=1",
					"$(inherited)",
				);
				GCC_WARN_64_TO_32_BIT_CONVERSION = YES;
				GCC_WARN_ABOUT_RETURN_TYPE = YES_ERROR;
				GCC_WARN_UNDECLARED_SELECTOR = YES;
				GCC_WARN_UNINITIALIZED_AUTOS = YES_AGGRESSIVE;
				GCC_WARN_UNUSED_FUNCTION = YES;
				GCC_WARN_UNUSED_VARIABLE = YES;
				IPHONEOS_DEPLOYMENT_TARGET = 11.4;
				MTL_ENABLE_DEBUG_INFO = YES;
				ONLY_ACTIVE_ARCH = YES;
				SDKROOT = iphoneos;
			};
			name = Debug;
		};
/* End XCBuildConfiguration section */

/* Begin XCConfigurationList section */
		BF8C735DF417C36A42082172 /* Build configuration list for PBXProject "KTest" */ = {
			isa = XCConfigurationList;
			buildConfigurations = (
				BF8C7B3ED87113FCBDA3A658 /* Debug */,
				BF8C75209817EA53151AB966 /* Release */,
			);
			defaultConfigurationIsVisible = 0;
			defaultConfigurationName = Release;
		};
		BF8C797D379DFED9C6D5D802 /* Build configuration list for PBXNativeTarget "KTest" */ = {
			isa = XCConfigurationList;
			buildConfigurations = (
				BF8C769EC79CAF53C8927CB8 /* Debug */,
				BF8C78516AFF8D9F1134A3B2 /* Release */,
			);
			defaultConfigurationIsVisible = 0;
		};
/* End XCConfigurationList section */
	};
	rootObject = BF8C7CD29C4FA39FDA0A23BA /* Project object */;
}
